
Microsoft Visual Studio Solution File, Format Version 12.00
# Visual Studio 15
VisualStudioVersion = 15.0.28307.136
MinimumVisualStudioVersion = 10.0.40219.1
Project("{FAE04EC0-301F-11D3-BF4B-00C04F79EFBC}") = "asad-webapptry", "asad-webapptry\asad-webapptry.csproj", "{A7657491-D648-4122-AF74-A72D7CFA0ADA}"
EndProject
Global
	GlobalSection(SolutionConfigurationPlatforms) = preSolution
		Debug|Any CPU = Debug|Any CPU
		Release|Any CPU = Release|Any CPU
	EndGlobalSection
	GlobalSection(ProjectConfigurationPlatforms) = postSolution
		{A7657491-D648-4122-AF74-A72D7CFA0ADA}.Debug|Any CPU.ActiveCfg = Debug|Any CPU
		{A7657491-D648-4122-AF74-A72D7CFA0ADA}.Debug|Any CPU.Build.0 = Debug|Any CPU
		{A7657491-D648-4122-AF74-A72D7CFA0ADA}.Release|Any CPU.ActiveCfg = Release|Any CPU
		{A7657491-D648-4122-AF74-A72D7CFA0ADA}.Release|Any CPU.Build.0 = Release|Any CPU
	EndGlobalSection
	GlobalSection(SolutionProperties) = preSolution
		HideSolutionNode = FALSE
	EndGlobalSection
	GlobalSection(ExtensibilityGlobals) = postSolution
		SolutionGuid = {72994279-5C4B-47F0-8973-7807106E0BE9}
	EndGlobalSection
EndGlobal
