
Microsoft Visual Studio Solution File, Format Version 12.00
# Visual Studio 15
VisualStudioVersion = 15.0.27428.2015
MinimumVisualStudioVersion = 10.0.40219.1
Project("{FAE04EC0-301F-11D3-BF4B-00C04F79EFBC}") = "ConsoleUsingMemoryStorage", "AT\ConsoleUsingMemoryStorage.csproj", "{E174FA3E-8B55-47E7-AEF1-0FB2F3DCD7D4}"
EndProject
Project("{FAE04EC0-301F-11D3-BF4B-00C04F79EFBC}") = "Domain", "Domain\Domain.csproj", "{746C96DC-D808-400A-B8AD-2344D011BB8F}"
EndProject
Project("{FAE04EC0-301F-11D3-BF4B-00C04F79EFBC}") = "Tests", "Tests\Tests.csproj", "{A81D856D-B175-43F2-9017-9BACFF38BB21}"
EndProject
Project("{FAE04EC0-301F-11D3-BF4B-00C04F79EFBC}") = "ConsoleUsingDiffStorage", "ConsoleUsingDb\ConsoleUsingDiffStorage.csproj", "{DA878FF2-06D2-453B-B51F-D866891F7C60}"
EndProject
Project("{FAE04EC0-301F-11D3-BF4B-00C04F79EFBC}") = "SelfHosting", "SelfHosting\SelfHosting.csproj", "{7072CC6D-839E-41B8-89C6-9CA57748DA6F}"
EndProject
Global
	GlobalSection(SolutionConfigurationPlatforms) = preSolution
		Debug|Any CPU = Debug|Any CPU
		Release|Any CPU = Release|Any CPU
	EndGlobalSection
	GlobalSection(ProjectConfigurationPlatforms) = postSolution
		{E174FA3E-8B55-47E7-AEF1-0FB2F3DCD7D4}.Debug|Any CPU.ActiveCfg = Debug|Any CPU
		{E174FA3E-8B55-47E7-AEF1-0FB2F3DCD7D4}.Debug|Any CPU.Build.0 = Debug|Any CPU
		{E174FA3E-8B55-47E7-AEF1-0FB2F3DCD7D4}.Release|Any CPU.ActiveCfg = Release|Any CPU
		{E174FA3E-8B55-47E7-AEF1-0FB2F3DCD7D4}.Release|Any CPU.Build.0 = Release|Any CPU
		{746C96DC-D808-400A-B8AD-2344D011BB8F}.Debug|Any CPU.ActiveCfg = Debug|Any CPU
		{746C96DC-D808-400A-B8AD-2344D011BB8F}.Debug|Any CPU.Build.0 = Debug|Any CPU
		{746C96DC-D808-400A-B8AD-2344D011BB8F}.Release|Any CPU.ActiveCfg = Release|Any CPU
		{746C96DC-D808-400A-B8AD-2344D011BB8F}.Release|Any CPU.Build.0 = Release|Any CPU
		{A81D856D-B175-43F2-9017-9BACFF38BB21}.Debug|Any CPU.ActiveCfg = Debug|Any CPU
		{A81D856D-B175-43F2-9017-9BACFF38BB21}.Debug|Any CPU.Build.0 = Debug|Any CPU
		{A81D856D-B175-43F2-9017-9BACFF38BB21}.Release|Any CPU.ActiveCfg = Release|Any CPU
		{A81D856D-B175-43F2-9017-9BACFF38BB21}.Release|Any CPU.Build.0 = Release|Any CPU
		{DA878FF2-06D2-453B-B51F-D866891F7C60}.Debug|Any CPU.ActiveCfg = Debug|Any CPU
		{DA878FF2-06D2-453B-B51F-D866891F7C60}.Debug|Any CPU.Build.0 = Debug|Any CPU
		{DA878FF2-06D2-453B-B51F-D866891F7C60}.Release|Any CPU.ActiveCfg = Release|Any CPU
		{DA878FF2-06D2-453B-B51F-D866891F7C60}.Release|Any CPU.Build.0 = Release|Any CPU
		{7072CC6D-839E-41B8-89C6-9CA57748DA6F}.Debug|Any CPU.ActiveCfg = Debug|Any CPU
		{7072CC6D-839E-41B8-89C6-9CA57748DA6F}.Debug|Any CPU.Build.0 = Debug|Any CPU
		{7072CC6D-839E-41B8-89C6-9CA57748DA6F}.Release|Any CPU.ActiveCfg = Release|Any CPU
		{7072CC6D-839E-41B8-89C6-9CA57748DA6F}.Release|Any CPU.Build.0 = Release|Any CPU
	EndGlobalSection
	GlobalSection(SolutionProperties) = preSolution
		HideSolutionNode = FALSE
	EndGlobalSection
	GlobalSection(ExtensibilityGlobals) = postSolution
		SolutionGuid = {3CD1817E-DF0B-4F45-9C65-7821971EB70A}
	EndGlobalSection
EndGlobal
