
Microsoft Visual Studio Solution File, Format Version 12.00
# Visual Studio 15
VisualStudioVersion = 15.0.28307.329
MinimumVisualStudioVersion = 10.0.40219.1
Project("{FAE04EC0-301F-11D3-BF4B-00C04F79EFBC}") = "WebApplication2", "WebApplication2\WebApplication2.csproj", "{7EBD683B-C651-47C3-B7CB-DF4CB2645339}"
EndProject
Global
	GlobalSection(SolutionConfigurationPlatforms) = preSolution
		Debug|Any CPU = Debug|Any CPU
		Release|Any CPU = Release|Any CPU
	EndGlobalSection
	GlobalSection(ProjectConfigurationPlatforms) = postSolution
		{7EBD683B-C651-47C3-B7CB-DF4CB2645339}.Debug|Any CPU.ActiveCfg = Debug|Any CPU
		{7EBD683B-C651-47C3-B7CB-DF4CB2645339}.Debug|Any CPU.Build.0 = Debug|Any CPU
		{7EBD683B-C651-47C3-B7CB-DF4CB2645339}.Release|Any CPU.ActiveCfg = Release|Any CPU
		{7EBD683B-C651-47C3-B7CB-DF4CB2645339}.Release|Any CPU.Build.0 = Release|Any CPU
	EndGlobalSection
	GlobalSection(SolutionProperties) = preSolution
		HideSolutionNode = FALSE
	EndGlobalSection
	GlobalSection(ExtensibilityGlobals) = postSolution
		SolutionGuid = {6B72BC24-32D7-425E-9623-1B7F03F798C3}
	EndGlobalSection
EndGlobal
