
Microsoft Visual Studio Solution File, Format Version 12.00
# Visual Studio 15
VisualStudioVersion = 15.0.28307.329
MinimumVisualStudioVersion = 10.0.40219.1
Project("{FAE04EC0-301F-11D3-BF4B-00C04F79EFBC}") = "Formaters", "Formaters\Formaters.csproj", "{97552FDB-D93A-4813-AB4D-E791412120F2}"
EndProject
Global
	GlobalSection(SolutionConfigurationPlatforms) = preSolution
		Debug|Any CPU = Debug|Any CPU
		Release|Any CPU = Release|Any CPU
	EndGlobalSection
	GlobalSection(ProjectConfigurationPlatforms) = postSolution
		{97552FDB-D93A-4813-AB4D-E791412120F2}.Debug|Any CPU.ActiveCfg = Debug|Any CPU
		{97552FDB-D93A-4813-AB4D-E791412120F2}.Debug|Any CPU.Build.0 = Debug|Any CPU
		{97552FDB-D93A-4813-AB4D-E791412120F2}.Release|Any CPU.ActiveCfg = Release|Any CPU
		{97552FDB-D93A-4813-AB4D-E791412120F2}.Release|Any CPU.Build.0 = Release|Any CPU
	EndGlobalSection
	GlobalSection(SolutionProperties) = preSolution
		HideSolutionNode = FALSE
	EndGlobalSection
	GlobalSection(ExtensibilityGlobals) = postSolution
		SolutionGuid = {CBAC16BE-6377-47E7-B793-279F0E3F0937}
	EndGlobalSection
EndGlobal
